// !$*UTF8*$!
{
	archiveVersion = 1;
	classes = {
	};
	objectVersion = 46;
	objects = {

/* Begin PBXBuildFile section */
		4ABBCE41190865CD001ED1A0 /* Foundation.framework in Frameworks */ = {isa = PBXBuildFile; fileRef = 4ABBCE40190865CD001ED1A0 /* Foundation.framework */; };
		4ABBCE43190865CD001ED1A0 /* CoreGraphics.framework in Frameworks */ = {isa = PBXBuildFile; fileRef = 4ABBCE42190865CD001ED1A0 /* CoreGraphics.framework */; };
		4ABBCE45190865CD001ED1A0 /* UIKit.framework in Frameworks */ = {isa = PBXBuildFile; fileRef = 4ABBCE44190865CD001ED1A0 /* UIKit.framework */; };
		4ABBCE4B190865CD001ED1A0 /* InfoPlist.strings in Resources */ = {isa = PBXBuildFile; fileRef = 4ABBCE49190865CD001ED1A0 /* InfoPlist.strings */; };
		4ABBCE4D190865CD001ED1A0 /* main.m in Sources */ = {isa = PBXBuildFile; fileRef = 4ABBCE4C190865CD001ED1A0 /* main.m */; };
		4ABBCE51190865CD001ED1A0 /* CMBAppDelegate.m in Sources */ = {isa = PBXBuildFile; fileRef = 4ABBCE50190865CD001ED1A0 /* CMBAppDelegate.m */; };
		4ABBCE54190865CD001ED1A0 /* Main.storyboard in Resources */ = {isa = PBXBuildFile; fileRef = 4ABBCE52190865CD001ED1A0 /* Main.storyboard */; };
		4ABBCE59190865CD001ED1A0 /* Images.xcassets in Resources */ = {isa = PBXBuildFile; fileRef = 4ABBCE58190865CD001ED1A0 /* Images.xcassets */; };
		4ABBCE60190865CD001ED1A0 /* XCTest.framework in Frameworks */ = {isa = PBXBuildFile; fileRef = 4ABBCE5F190865CD001ED1A0 /* XCTest.framework */; };
		4ABBCE61190865CD001ED1A0 /* Foundation.framework in Frameworks */ = {isa = PBXBuildFile; fileRef = 4ABBCE40190865CD001ED1A0 /* Foundation.framework */; };
		4ABBCE62190865CD001ED1A0 /* UIKit.framework in Frameworks */ = {isa = PBXBuildFile; fileRef = 4ABBCE44190865CD001ED1A0 /* UIKit.framework */; };
		4ABBCE6A190865CD001ED1A0 /* InfoPlist.strings in Resources */ = {isa = PBXBuildFile; fileRef = 4ABBCE68190865CD001ED1A0 /* InfoPlist.strings */; };
		4ABBCE6C190865CD001ED1A0 /* User_Data_Challange_SolutionTests.m in Sources */ = {isa = PBXBuildFile; fileRef = 4ABBCE6B190865CD001ED1A0 /* User_Data_Challange_SolutionTests.m */; };
		4ABBCE77190957E2001ED1A0 /* CMBUserData.m in Sources */ = {isa = PBXBuildFile; fileRef = 4ABBCE76190957E2001ED1A0 /* CMBUserData.m */; };
		4ABBCE7C19096380001ED1A0 /* bob1.jpg in Resources */ = {isa = PBXBuildFile; fileRef = 4ABBCE7819096380001ED1A0 /* bob1.jpg */; };
		4ABBCE7D19096380001ED1A0 /* bob2.jpg in Resources */ = {isa = PBXBuildFile; fileRef = 4ABBCE7919096380001ED1A0 /* bob2.jpg */; };
		4ABBCE7E19096380001ED1A0 /* bob3.jpg in Resources */ = {isa = PBXBuildFile; fileRef = 4ABBCE7A19096380001ED1A0 /* bob3.jpg */; };
		4ABBCE7F19096380001ED1A0 /* bob4.jpg in Resources */ = {isa = PBXBuildFile; fileRef = 4ABBCE7B19096380001ED1A0 /* bob4.jpg */; };
		4ABBCE8219098695001ED1A0 /* CMBUsers.m in Sources */ = {isa = PBXBuildFile; fileRef = 4ABBCE8119098695001ED1A0 /* CMBUsers.m */; };
		4ABBCE8519098C03001ED1A0 /* CMBUserDataTableViewController.m in Sources */ = {isa = PBXBuildFile; fileRef = 4ABBCE8419098C03001ED1A0 /* CMBUserDataTableViewController.m */; };
/* End PBXBuildFile section */

/* Begin PBXContainerItemProxy section */
		4ABBCE63190865CD001ED1A0 /* PBXContainerItemProxy */ = {
			isa = PBXContainerItemProxy;
			containerPortal = 4ABBCE35190865CD001ED1A0 /* Project object */;
			proxyType = 1;
			remoteGlobalIDString = 4ABBCE3C190865CD001ED1A0;
			remoteInfo = "User Data Challange Solution";
		};
/* End PBXContainerItemProxy section */

/* Begin PBXFileReference section */
		4ABBCE3D190865CD001ED1A0 /* User Data Challange Solution.app */ = {isa = PBXFileReference; explicitFileType = wrapper.application; includeInIndex = 0; path = "User Data Challange Solution.app"; sourceTree = BUILT_PRODUCTS_DIR; };
		4ABBCE40190865CD001ED1A0 /* Foundation.framework */ = {isa = PBXFileReference; lastKnownFileType = wrapper.framework; name = Foundation.framework; path = System/Library/Frameworks/Foundation.framework; sourceTree = SDKROOT; };
		4ABBCE42190865CD001ED1A0 /* CoreGraphics.framework */ = {isa = PBXFileReference; lastKnownFileType = wrapper.framework; name = CoreGraphics.framework; path = System/Library/Frameworks/CoreGraphics.framework; sourceTree = SDKROOT; };
		4ABBCE44190865CD001ED1A0 /* UIKit.framework */ = {isa = PBXFileReference; lastKnownFileType = wrapper.framework; name = UIKit.framework; path = System/Library/Frameworks/UIKit.framework; sourceTree = SDKROOT; };
		4ABBCE48190865CD001ED1A0 /* User Data Challange Solution-Info.plist */ = {isa = PBXFileReference; lastKnownFileType = text.plist.xml; path = "User Data Challange Solution-Info.plist"; sourceTree = "<group>"; };
		4ABBCE4A190865CD001ED1A0 /* en */ = {isa = PBXFileReference; lastKnownFileType = text.plist.strings; name = en; path = en.lproj/InfoPlist.strings; sourceTree = "<group>"; };
		4ABBCE4C190865CD001ED1A0 /* main.m */ = {isa = PBXFileReference; lastKnownFileType = sourcecode.c.objc; path = main.m; sourceTree = "<group>"; };
		4ABBCE4E190865CD001ED1A0 /* User Data Challange Solution-Prefix.pch */ = {isa = PBXFileReference; lastKnownFileType = sourcecode.c.h; path = "User Data Challange Solution-Prefix.pch"; sourceTree = "<group>"; };
		4ABBCE4F190865CD001ED1A0 /* CMBAppDelegate.h */ = {isa = PBXFileReference; lastKnownFileType = sourcecode.c.h; path = CMBAppDelegate.h; sourceTree = "<group>"; };
		4ABBCE50190865CD001ED1A0 /* CMBAppDelegate.m */ = {isa = PBXFileReference; lastKnownFileType = sourcecode.c.objc; path = CMBAppDelegate.m; sourceTree = "<group>"; };
		4ABBCE53190865CD001ED1A0 /* Base */ = {isa = PBXFileReference; lastKnownFileType = file.storyboard; name = Base; path = Base.lproj/Main.storyboard; sourceTree = "<group>"; };
		4ABBCE58190865CD001ED1A0 /* Images.xcassets */ = {isa = PBXFileReference; lastKnownFileType = folder.assetcatalog; path = Images.xcassets; sourceTree = "<group>"; };
		4ABBCE5E190865CD001ED1A0 /* User Data Challange SolutionTests.xctest */ = {isa = PBXFileReference; explicitFileType = wrapper.cfbundle; includeInIndex = 0; path = "User Data Challange SolutionTests.xctest"; sourceTree = BUILT_PRODUCTS_DIR; };
		4ABBCE5F190865CD001ED1A0 /* XCTest.framework */ = {isa = PBXFileReference; lastKnownFileType = wrapper.framework; name = XCTest.framework; path = Library/Frameworks/XCTest.framework; sourceTree = DEVELOPER_DIR; };
		4ABBCE67190865CD001ED1A0 /* User Data Challange SolutionTests-Info.plist */ = {isa = PBXFileReference; lastKnownFileType = text.plist.xml; path = "User Data Challange SolutionTests-Info.plist"; sourceTree = "<group>"; };
		4ABBCE69190865CD001ED1A0 /* en */ = {isa = PBXFileReference; lastKnownFileType = text.plist.strings; name = en; path = en.lproj/InfoPlist.strings; sourceTree = "<group>"; };
		4ABBCE6B190865CD001ED1A0 /* User_Data_Challange_SolutionTests.m */ = {isa = PBXFileReference; lastKnownFileType = sourcecode.c.objc; path = User_Data_Challange_SolutionTests.m; sourceTree = "<group>"; };
		4ABBCE75190957E2001ED1A0 /* CMBUserData.h */ = {isa = PBXFileReference; fileEncoding = 4; lastKnownFileType = sourcecode.c.h; path = CMBUserData.h; sourceTree = "<group>"; };
		4ABBCE76190957E2001ED1A0 /* CMBUserData.m */ = {isa = PBXFileReference; fileEncoding = 4; lastKnownFileType = sourcecode.c.objc; path = CMBUserData.m; sourceTree = "<group>"; };
		4ABBCE7819096380001ED1A0 /* bob1.jpg */ = {isa = PBXFileReference; lastKnownFileType = image.jpeg; path = bob1.jpg; sourceTree = "<group>"; };
		4ABBCE7919096380001ED1A0 /* bob2.jpg */ = {isa = PBXFileReference; lastKnownFileType = image.jpeg; path = bob2.jpg; sourceTree = "<group>"; };
		4ABBCE7A19096380001ED1A0 /* bob3.jpg */ = {isa = PBXFileReference; lastKnownFileType = image.jpeg; path = bob3.jpg; sourceTree = "<group>"; };
		4ABBCE7B19096380001ED1A0 /* bob4.jpg */ = {isa = PBXFileReference; lastKnownFileType = image.jpeg; path = bob4.jpg; sourceTree = "<group>"; };
		4ABBCE8019098695001ED1A0 /* CMBUsers.h */ = {isa = PBXFileReference; fileEncoding = 4; lastKnownFileType = sourcecode.c.h; path = CMBUsers.h; sourceTree = "<group>"; };
		4ABBCE8119098695001ED1A0 /* CMBUsers.m */ = {isa = PBXFileReference; fileEncoding = 4; lastKnownFileType = sourcecode.c.objc; path = CMBUsers.m; sourceTree = "<group>"; };
		4ABBCE8319098C03001ED1A0 /* CMBUserDataTableViewController.h */ = {isa = PBXFileReference; fileEncoding = 4; lastKnownFileType = sourcecode.c.h; name = CMBUserDataTableViewController.h; path = ../CMBUserDataTableViewController.h; sourceTree = "<group>"; };
		4ABBCE8419098C03001ED1A0 /* CMBUserDataTableViewController.m */ = {isa = PBXFileReference; fileEncoding = 4; lastKnownFileType = sourcecode.c.objc; name = CMBUserDataTableViewController.m; path = ../CMBUserDataTableViewController.m; sourceTree = "<group>"; };
/* End PBXFileReference section */

/* Begin PBXFrameworksBuildPhase section */
		4ABBCE3A190865CD001ED1A0 /* Frameworks */ = {
			isa = PBXFrameworksBuildPhase;
			buildActionMask = 2147483647;
			files = (
				4ABBCE43190865CD001ED1A0 /* CoreGraphics.framework in Frameworks */,
				4ABBCE45190865CD001ED1A0 /* UIKit.framework in Frameworks */,
				4ABBCE41190865CD001ED1A0 /* Foundation.framework in Frameworks */,
			);
			runOnlyForDeploymentPostprocessing = 0;
		};
		4ABBCE5B190865CD001ED1A0 /* Frameworks */ = {
			isa = PBXFrameworksBuildPhase;
			buildActionMask = 2147483647;
			files = (
				4ABBCE60190865CD001ED1A0 /* XCTest.framework in Frameworks */,
				4ABBCE62190865CD001ED1A0 /* UIKit.framework in Frameworks */,
				4ABBCE61190865CD001ED1A0 /* Foundation.framework in Frameworks */,
			);
			runOnlyForDeploymentPostprocessing = 0;
		};
/* End PBXFrameworksBuildPhase section */

/* Begin PBXGroup section */
		4ABBCE34190865CD001ED1A0 = {
			isa = PBXGroup;
			children = (
				4ABBCE46190865CD001ED1A0 /* User Data Challange Solution */,
				4ABBCE65190865CD001ED1A0 /* User Data Challange SolutionTests */,
				4ABBCE3F190865CD001ED1A0 /* Frameworks */,
				4ABBCE3E190865CD001ED1A0 /* Products */,
			);
			sourceTree = "<group>";
		};
		4ABBCE3E190865CD001ED1A0 /* Products */ = {
			isa = PBXGroup;
			children = (
				4ABBCE3D190865CD001ED1A0 /* User Data Challange Solution.app */,
				4ABBCE5E190865CD001ED1A0 /* User Data Challange SolutionTests.xctest */,
			);
			name = Products;
			sourceTree = "<group>";
		};
		4ABBCE3F190865CD001ED1A0 /* Frameworks */ = {
			isa = PBXGroup;
			children = (
				4ABBCE40190865CD001ED1A0 /* Foundation.framework */,
				4ABBCE42190865CD001ED1A0 /* CoreGraphics.framework */,
				4ABBCE44190865CD001ED1A0 /* UIKit.framework */,
				4ABBCE5F190865CD001ED1A0 /* XCTest.framework */,
			);
			name = Frameworks;
			sourceTree = "<group>";
		};
		4ABBCE46190865CD001ED1A0 /* User Data Challange Solution */ = {
			isa = PBXGroup;
			children = (
				4ABBCE4F190865CD001ED1A0 /* CMBAppDelegate.h */,
				4ABBCE50190865CD001ED1A0 /* CMBAppDelegate.m */,
				4ABBCE8319098C03001ED1A0 /* CMBUserDataTableViewController.h */,
				4ABBCE8419098C03001ED1A0 /* CMBUserDataTableViewController.m */,
				4ABBCE52190865CD001ED1A0 /* Main.storyboard */,
				4ABBCE75190957E2001ED1A0 /* CMBUserData.h */,
				4ABBCE76190957E2001ED1A0 /* CMBUserData.m */,
				4ABBCE8019098695001ED1A0 /* CMBUsers.h */,
				4ABBCE8119098695001ED1A0 /* CMBUsers.m */,
				4ABBCE58190865CD001ED1A0 /* Images.xcassets */,
				4ABBCE47190865CD001ED1A0 /* Supporting Files */,
			);
			path = "User Data Challange Solution";
			sourceTree = "<group>";
		};
		4ABBCE47190865CD001ED1A0 /* Supporting Files */ = {
			isa = PBXGroup;
			children = (
				4ABBCE7819096380001ED1A0 /* bob1.jpg */,
				4ABBCE7919096380001ED1A0 /* bob2.jpg */,
				4ABBCE7A19096380001ED1A0 /* bob3.jpg */,
				4ABBCE7B19096380001ED1A0 /* bob4.jpg */,
				4ABBCE48190865CD001ED1A0 /* User Data Challange Solution-Info.plist */,
				4ABBCE49190865CD001ED1A0 /* InfoPlist.strings */,
				4ABBCE4C190865CD001ED1A0 /* main.m */,
				4ABBCE4E190865CD001ED1A0 /* User Data Challange Solution-Prefix.pch */,
			);
			name = "Supporting Files";
			sourceTree = "<group>";
		};
		4ABBCE65190865CD001ED1A0 /* User Data Challange SolutionTests */ = {
			isa = PBXGroup;
			children = (
				4ABBCE6B190865CD001ED1A0 /* User_Data_Challange_SolutionTests.m */,
				4ABBCE66190865CD001ED1A0 /* Supporting Files */,
			);
			path = "User Data Challange SolutionTests";
			sourceTree = "<group>";
		};
		4ABBCE66190865CD001ED1A0 /* Supporting Files */ = {
			isa = PBXGroup;
			children = (
				4ABBCE67190865CD001ED1A0 /* User Data Challange SolutionTests-Info.plist */,
				4ABBCE68190865CD001ED1A0 /* InfoPlist.strings */,
			);
			name = "Supporting Files";
			sourceTree = "<group>";
		};
/* End PBXGroup section */

/* Begin PBXNativeTarget section */
		4ABBCE3C190865CD001ED1A0 /* User Data Challange Solution */ = {
			isa = PBXNativeTarget;
			buildConfigurationList = 4ABBCE6F190865CD001ED1A0 /* Build configuration list for PBXNativeTarget "User Data Challange Solution" */;
			buildPhases = (
				4ABBCE39190865CD001ED1A0 /* Sources */,
				4ABBCE3A190865CD001ED1A0 /* Frameworks */,
				4ABBCE3B190865CD001ED1A0 /* Resources */,
			);
			buildRules = (
			);
			dependencies = (
			);
			name = "User Data Challange Solution";
			productName = "User Data Challange Solution";
			productReference = 4ABBCE3D190865CD001ED1A0 /* User Data Challange Solution.app */;
			productType = "com.apple.product-type.application";
		};
		4ABBCE5D190865CD001ED1A0 /* User Data Challange SolutionTests */ = {
			isa = PBXNativeTarget;
			buildConfigurationList = 4ABBCE72190865CD001ED1A0 /* Build configuration list for PBXNativeTarget "User Data Challange SolutionTests" */;
			buildPhases = (
				4ABBCE5A190865CD001ED1A0 /* Sources */,
				4ABBCE5B190865CD001ED1A0 /* Frameworks */,
				4ABBCE5C190865CD001ED1A0 /* Resources */,
			);
			buildRules = (
			);
			dependencies = (
				4ABBCE64190865CD001ED1A0 /* PBXTargetDependency */,
			);
			name = "User Data Challange SolutionTests";
			productName = "User Data Challange SolutionTests";
			productReference = 4ABBCE5E190865CD001ED1A0 /* User Data Challange SolutionTests.xctest */;
			productType = "com.apple.product-type.bundle.unit-test";
		};
/* End PBXNativeTarget section */

/* Begin PBXProject section */
		4ABBCE35190865CD001ED1A0 /* Project object */ = {
			isa = PBXProject;
			attributes = {
				CLASSPREFIX = CMB;
				LastUpgradeCheck = 0510;
				ORGANIZATIONNAME = "Christine Buell";
				TargetAttributes = {
					4ABBCE5D190865CD001ED1A0 = {
						TestTargetID = 4ABBCE3C190865CD001ED1A0;
					};
				};
			};
			buildConfigurationList = 4ABBCE38190865CD001ED1A0 /* Build configuration list for PBXProject "User Data Challange Solution" */;
			compatibilityVersion = "Xcode 3.2";
			developmentRegion = English;
			hasScannedForEncodings = 0;
			knownRegions = (
				en,
				Base,
			);
			mainGroup = 4ABBCE34190865CD001ED1A0;
			productRefGroup = 4ABBCE3E190865CD001ED1A0 /* Products */;
			projectDirPath = "";
			projectRoot = "";
			targets = (
				4ABBCE3C190865CD001ED1A0 /* User Data Challange Solution */,
				4ABBCE5D190865CD001ED1A0 /* User Data Challange SolutionTests */,
			);
		};
/* End PBXProject section */

/* Begin PBXResourcesBuildPhase section */
		4ABBCE3B190865CD001ED1A0 /* Resources */ = {
			isa = PBXResourcesBuildPhase;
			buildActionMask = 2147483647;
			files = (
				4ABBCE7E19096380001ED1A0 /* bob3.jpg in Resources */,
				4ABBCE7C19096380001ED1A0 /* bob1.jpg in Resources */,
				4ABBCE59190865CD001ED1A0 /* Images.xcassets in Resources */,
				4ABBCE4B190865CD001ED1A0 /* InfoPlist.strings in Resources */,
				4ABBCE7F19096380001ED1A0 /* bob4.jpg in Resources */,
				4ABBCE54190865CD001ED1A0 /* Main.storyboard in Resources */,
				4ABBCE7D19096380001ED1A0 /* bob2.jpg in Resources */,
			);
			runOnlyForDeploymentPostprocessing = 0;
		};
		4ABBCE5C190865CD001ED1A0 /* Resources */ = {
			isa = PBXResourcesBuildPhase;
			buildActionMask = 2147483647;
			files = (
				4ABBCE6A190865CD001ED1A0 /* InfoPlist.strings in Resources */,
			);
			runOnlyForDeploymentPostprocessing = 0;
		};
/* End PBXResourcesBuildPhase section */

/* Begin PBXSourcesBuildPhase section */
		4ABBCE39190865CD001ED1A0 /* Sources */ = {
			isa = PBXSourcesBuildPhase;
			buildActionMask = 2147483647;
			files = (
				4ABBCE4D190865CD001ED1A0 /* main.m in Sources */,
				4ABBCE51190865CD001ED1A0 /* CMBAppDelegate.m in Sources */,
				4ABBCE8219098695001ED1A0 /* CMBUsers.m in Sources */,
				4ABBCE77190957E2001ED1A0 /* CMBUserData.m in Sources */,
				4ABBCE8519098C03001ED1A0 /* CMBUserDataTableViewController.m in Sources */,
			);
			runOnlyForDeploymentPostprocessing = 0;
		};
		4ABBCE5A190865CD001ED1A0 /* Sources */ = {
			isa = PBXSourcesBuildPhase;
			buildActionMask = 2147483647;
			files = (
				4ABBCE6C190865CD001ED1A0 /* User_Data_Challange_SolutionTests.m in Sources */,
			);
			runOnlyForDeploymentPostprocessing = 0;
		};
/* End PBXSourcesBuildPhase section */

/* Begin PBXTargetDependency section */
		4ABBCE64190865CD001ED1A0 /* PBXTargetDependency */ = {
			isa = PBXTargetDependency;
			target = 4ABBCE3C190865CD001ED1A0 /* User Data Challange Solution */;
			targetProxy = 4ABBCE63190865CD001ED1A0 /* PBXContainerItemProxy */;
		};
/* End PBXTargetDependency section */

/* Begin PBXVariantGroup section */
		4ABBCE49190865CD001ED1A0 /* InfoPlist.strings */ = {
			isa = PBXVariantGroup;
			children = (
				4ABBCE4A190865CD001ED1A0 /* en */,
			);
			name = InfoPlist.strings;
			sourceTree = "<group>";
		};
		4ABBCE52190865CD001ED1A0 /* Main.storyboard */ = {
			isa = PBXVariantGroup;
			children = (
				4ABBCE53190865CD001ED1A0 /* Base */,
			);
			name = Main.storyboard;
			sourceTree = "<group>";
		};
		4ABBCE68190865CD001ED1A0 /* InfoPlist.strings */ = {
			isa = PBXVariantGroup;
			children = (
				4ABBCE69190865CD001ED1A0 /* en */,
			);
			name = InfoPlist.strings;
			sourceTree = "<group>";
		};
/* End PBXVariantGroup section */

/* Begin XCBuildConfiguration section */
		4ABBCE6D190865CD001ED1A0 /* Debug */ = {
			isa = XCBuildConfiguration;
			buildSettings = {
				ALWAYS_SEARCH_USER_PATHS = NO;
				CLANG_CXX_LANGUAGE_STANDARD = "gnu++0x";
				CLANG_CXX_LIBRARY = "libc++";
				CLANG_ENABLE_MODULES = YES;
				CLANG_ENABLE_OBJC_ARC = YES;
				CLANG_WARN_BOOL_CONVERSION = YES;
				CLANG_WARN_CONSTANT_CONVERSION = YES;
				CLANG_WARN_DIRECT_OBJC_ISA_USAGE = YES_ERROR;
				CLANG_WARN_EMPTY_BODY = YES;
				CLANG_WARN_ENUM_CONVERSION = YES;
				CLANG_WARN_INT_CONVERSION = YES;
				CLANG_WARN_OBJC_ROOT_CLASS = YES_ERROR;
				CLANG_WARN__DUPLICATE_METHOD_MATCH = YES;
				"CODE_SIGN_IDENTITY[sdk=iphoneos*]" = "iPhone Developer";
				COPY_PHASE_STRIP = NO;
				GCC_C_LANGUAGE_STANDARD = gnu99;
				GCC_DYNAMIC_NO_PIC = NO;
				GCC_OPTIMIZATION_LEVEL = 0;
				GCC_PREPROCESSOR_DEFINITIONS = (
					"DEBUG=1",
					"$(inherited)",
				);
				GCC_SYMBOLS_PRIVATE_EXTERN = NO;
				GCC_WARN_64_TO_32_BIT_CONVERSION = YES;
				GCC_WARN_ABOUT_RETURN_TYPE = YES_ERROR;
				GCC_WARN_UNDECLARED_SELECTOR = YES;
				GCC_WARN_UNINITIALIZED_AUTOS = YES_AGGRESSIVE;
				GCC_WARN_UNUSED_FUNCTION = YES;
				GCC_WARN_UNUSED_VARIABLE = YES;
				IPHONEOS_DEPLOYMENT_TARGET = 7.1;
				ONLY_ACTIVE_ARCH = YES;
				SDKROOT = iphoneos;
			};
			name = Debug;
		};
		4ABBCE6E190865CD001ED1A0 /* Release */ = {
			isa = XCBuildConfiguration;
			buildSettings = {
				ALWAYS_SEARCH_USER_PATHS = NO;
				CLANG_CXX_LANGUAGE_STANDARD = "gnu++0x";
				CLANG_CXX_LIBRARY = "libc++";
				CLANG_ENABLE_MODULES = YES;
				CLANG_ENABLE_OBJC_ARC = YES;
				CLANG_WARN_BOOL_CONVERSION = YES;
				CLANG_WARN_CONSTANT_CONVERSION = YES;
				CLANG_WARN_DIRECT_OBJC_ISA_USAGE = YES_ERROR;
				CLANG_WARN_EMPTY_BODY = YES;
				CLANG_WARN_ENUM_CONVERSION = YES;
				CLANG_WARN_INT_CONVERSION = YES;
				CLANG_WARN_OBJC_ROOT_CLASS = YES_ERROR;
				CLANG_WARN__DUPLICATE_METHOD_MATCH = YES;
				"CODE_SIGN_IDENTITY[sdk=iphoneos*]" = "iPhone Developer";
				COPY_PHASE_STRIP = YES;
				ENABLE_NS_ASSERTIONS = NO;
				GCC_C_LANGUAGE_STANDARD = gnu99;
				GCC_WARN_64_TO_32_BIT_CONVERSION = YES;
				GCC_WARN_ABOUT_RETURN_TYPE = YES_ERROR;
				GCC_WARN_UNDECLARED_SELECTOR = YES;
				GCC_WARN_UNINITIALIZED_AUTOS = YES_AGGRESSIVE;
				GCC_WARN_UNUSED_FUNCTION = YES;
				GCC_WARN_UNUSED_VARIABLE = YES;
				IPHONEOS_DEPLOYMENT_TARGET = 7.1;
				SDKROOT = iphoneos;
				VALIDATE_PRODUCT = YES;
			};
			name = Release;
		};
		4ABBCE70190865CD001ED1A0 /* Debug */ = {
			isa = XCBuildConfiguration;
			buildSettings = {
				ASSETCATALOG_COMPILER_APPICON_NAME = AppIcon;
				ASSETCATALOG_COMPILER_LAUNCHIMAGE_NAME = LaunchImage;
				GCC_PRECOMPILE_PREFIX_HEADER = YES;
				GCC_PREFIX_HEADER = "User Data Challange Solution/User Data Challange Solution-Prefix.pch";
				INFOPLIST_FILE = "User Data Challange Solution/User Data Challange Solution-Info.plist";
				PRODUCT_NAME = "$(TARGET_NAME)";
				WRAPPER_EXTENSION = app;
			};
			name = Debug;
		};
		4ABBCE71190865CD001ED1A0 /* Release */ = {
			isa = XCBuildConfiguration;
			buildSettings = {
				ASSETCATALOG_COMPILER_APPICON_NAME = AppIcon;
				ASSETCATALOG_COMPILER_LAUNCHIMAGE_NAME = LaunchImage;
				GCC_PRECOMPILE_PREFIX_HEADER = YES;
				GCC_PREFIX_HEADER = "User Data Challange Solution/User Data Challange Solution-Prefix.pch";
				INFOPLIST_FILE = "User Data Challange Solution/User Data Challange Solution-Info.plist";
				PRODUCT_NAME = "$(TARGET_NAME)";
				WRAPPER_EXTENSION = app;
			};
			name = Release;
		};
		4ABBCE73190865CD001ED1A0 /* Debug */ = {
			isa = XCBuildConfiguration;
			buildSettings = {
				BUNDLE_LOADER = "$(BUILT_PRODUCTS_DIR)/User Data Challange Solution.app/User Data Challange Solution";
				FRAMEWORK_SEARCH_PATHS = (
					"$(SDKROOT)/Developer/Library/Frameworks",
					"$(inherited)",
					"$(DEVELOPER_FRAMEWORKS_DIR)",
				);
				GCC_PRECOMPILE_PREFIX_HEADER = YES;
				GCC_PREFIX_HEADER = "User Data Challange Solution/User Data Challange Solution-Prefix.pch";
				GCC_PREPROCESSOR_DEFINITIONS = (
					"DEBUG=1",
					"$(inherited)",
				);
				INFOPLIST_FILE = "User Data Challange SolutionTests/User Data Challange SolutionTests-Info.plist";
				PRODUCT_NAME = "$(TARGET_NAME)";
				TEST_HOST = "$(BUNDLE_LOADER)";
				WRAPPER_EXTENSION = xctest;
			};
			name = Debug;
		};
		4ABBCE74190865CD001ED1A0 /* Release */ = {
			isa = XCBuildConfiguration;
			buildSettings = {
				BUNDLE_LOADER = "$(BUILT_PRODUCTS_DIR)/User Data Challange Solution.app/User Data Challange Solution";
				FRAMEWORK_SEARCH_PATHS = (
					"$(SDKROOT)/Developer/Library/Frameworks",
					"$(inherited)",
					"$(DEVELOPER_FRAMEWORKS_DIR)",
				);
				GCC_PRECOMPILE_PREFIX_HEADER = YES;
				GCC_PREFIX_HEADER = "User Data Challange Solution/User Data Challange Solution-Prefix.pch";
				INFOPLIST_FILE = "User Data Challange SolutionTests/User Data Challange SolutionTests-Info.plist";
				PRODUCT_NAME = "$(TARGET_NAME)";
				TEST_HOST = "$(BUNDLE_LOADER)";
				WRAPPER_EXTENSION = xctest;
			};
			name = Release;
		};
/* End XCBuildConfiguration section */

/* Begin XCConfigurationList section */
		4ABBCE38190865CD001ED1A0 /* Build configuration list for PBXProject "User Data Challange Solution" */ = {
			isa = XCConfigurationList;
			buildConfigurations = (
				4ABBCE6D190865CD001ED1A0 /* Debug */,
				4ABBCE6E190865CD001ED1A0 /* Release */,
			);
			defaultConfigurationIsVisible = 0;
			defaultConfigurationName = Release;
		};
		4ABBCE6F190865CD001ED1A0 /* Build configuration list for PBXNativeTarget "User Data Challange Solution" */ = {
			isa = XCConfigurationList;
			buildConfigurations = (
				4ABBCE70190865CD001ED1A0 /* Debug */,
				4ABBCE71190865CD001ED1A0 /* Release */,
			);
			defaultConfigurationIsVisible = 0;
			defaultConfigurationName = Release;
		};
		4ABBCE72190865CD001ED1A0 /* Build configuration list for PBXNativeTarget "User Data Challange SolutionTests" */ = {
			isa = XCConfigurationList;
			buildConfigurations = (
				4ABBCE73190865CD001ED1A0 /* Debug */,
				4ABBCE74190865CD001ED1A0 /* Release */,
			);
			defaultConfigurationIsVisible = 0;
			defaultConfigurationName = Release;
		};
/* End XCConfigurationList section */
	};
	rootObject = 4ABBCE35190865CD001ED1A0 /* Project object */;
}
